[[package]]
name = "altgraph"
version = "0.17"
description = "Python graph (network) package"
category = "dev"
optional = false
python-versions = "*"

[[package]]
name = "atom"
version = "0.6.0"
description = "Memory efficient Python objects"
category = "main"
optional = false
python-versions = ">=3.6"

[[package]]
name = "bytecode"
version = "0.12.0"
description = "Python module to generate and modify bytecode"
category = "main"
optional = false
python-versions = "*"

[[package]]
name = "enaml"
version = "0.11.2"
description = "Declarative DSL for building rich user interfaces in Python"
category = "main"
optional = false
python-versions = ">=3.6"

[package.dependencies]
atom = ">=0.5.0"
bytecode = ">=0.11.0"
kiwisolver = ">=1.2.0"
ply = ">=3.4"

[[package]]
name = "future"
version = "0.18.2"
description = "Clean single-source support for Python 3 and 2"
category = "dev"
optional = false
python-versions = ">=2.6, !=3.0.*, !=3.1.*, !=3.2.*"

[[package]]
name = "kiwisolver"
version = "1.3.1"
description = "A fast implementation of the Cassowary constraint solver"
category = "main"
optional = false
python-versions = ">=3.6"

[[package]]
name = "macholib"
version = "1.14"
description = "Mach-O header analysis and editing"
category = "dev"
optional = false
python-versions = "*"

[package.dependencies]
altgraph = ">=0.15"

[[package]]
name = "pefile"
version = "2021.5.24"
description = "Python PE parsing module"
category = "dev"
optional = false
python-versions = ">=3.6.0"

[package.dependencies]
future = "*"

[[package]]
name = "ply"
version = "3.11"
description = "Python Lex & Yacc"
category = "main"
optional = false
python-versions = "*"

[[package]]
name = "pyinstaller"
version = "4.3"
description = "PyInstaller bundles a Python application and all its dependencies into a single package."
category = "dev"
optional = false
python-versions = ">=3.6"

[package.dependencies]
altgraph = "*"
macholib = {version = ">=1.8", markers = "sys_platform == \"darwin\""}
pefile = {version = ">=2017.8.1", markers = "sys_platform == \"win32\""}
pyinstaller-hooks-contrib = ">=2020.6"
pywin32-ctypes = {version = ">=0.2.0", markers = "sys_platform == \"win32\""}

[package.extras]
encryption = ["tinyaes (>=1.0.0)"]
hook_testing = ["pytest (>=2.7.3)", "execnet (>=1.5.0)", "psutil"]

[[package]]
name = "pyinstaller-hooks-contrib"
version = "2021.1"
description = "Community maintained hooks for PyInstaller"
category = "dev"
optional = false
python-versions = "*"

[[package]]
name = "pyqt5"
version = "5.15.4"
description = "Python bindings for the Qt cross platform application toolkit"
category = "main"
optional = false
python-versions = ">=3.6"

[package.dependencies]
PyQt5-Qt5 = ">=5.15"
PyQt5-sip = ">=12.8,<13"

[[package]]
name = "pyqt5-qt5"
version = "5.15.2"
description = "The subset of a Qt installation needed by PyQt5."
category = "main"
optional = false
python-versions = "*"

[[package]]
name = "pyqt5-sip"
version = "12.9.0"
description = "The sip module support for PyQt5"
category = "main"
optional = false
python-versions = ">=3.5"

[[package]]
name = "pywin32-ctypes"
version = "0.2.0"
description = ""
category = "dev"
optional = false
python-versions = "*"

[[package]]
name = "qscintilla"
version = "2.12.1"
description = "Python bindings for the QScintilla programmers editor widget"
category = "dev"
optional = false
python-versions = ">=3.6"

[package.dependencies]
PyQt5 = ">=5.15.4"
PyQt5-sip = ">=12.8,<13"

[[package]]
name = "qtpy"
version = "1.9.0"
description = "Provides an abstraction layer on top of the various Qt bindings (PyQt5, PyQt4 and PySide) and additional custom QWidgets."
category = "main"
optional = false
python-versions = "*"

[metadata]
lock-version = "1.1"
python-versions = "^3.9"
content-hash = "609fa9ee56198f8123548d99fb3bfacf33da68d4b826fe483ba9ccded50f7c13"

[metadata.files]
altgraph = [
    {file = "altgraph-0.17-py2.py3-none-any.whl", hash = "sha256:c623e5f3408ca61d4016f23a681b9adb100802ca3e3da5e718915a9e4052cebe"},
    {file = "altgraph-0.17.tar.gz", hash = "sha256:1f05a47122542f97028caf78775a095fbe6a2699b5089de8477eb583167d69aa"},
]
atom = [
    {file = "atom-0.6.0-cp36-cp36m-macosx_10_9_x86_64.whl", hash = "sha256:fb0b6e36c8bab9532a9938fe1b9ce4b4c53edced246e5b40620cfaec6ac4225f"},
    {file = "atom-0.6.0-cp36-cp36m-manylinux2010_i686.whl", hash = "sha256:c3d86aeec8ed683986ad492da12286c5ef308441145ecd2e4d10d7e1201f8819"},
    {file = "atom-0.6.0-cp36-cp36m-manylinux2010_x86_64.whl", hash = "sha256:c07d8737fe9363efdc8aa53f447b0cf6665abf859decf3fe73c179807d5fd840"},
    {file = "atom-0.6.0-cp36-cp36m-win32.whl", hash = "sha256:ec4beb9d23427b3628fc7a1c1e20668236bf7c5cb25eceef4a0c20ae96241830"},
    {file = "atom-0.6.0-cp36-cp36m-win_amd64.whl", hash = "sha256:b71bd6e89b2f6c20923cbc0c8ae53c7fe6d83304228d1a157fa106061d0f33f7"},
    {file = "atom-0.6.0-cp37-cp37m-macosx_10_9_x86_64.whl", hash = "sha256:d05631f45c79e013276d4d9390d455f77c97f36b188ca30748fbf2d8da2a8d94"},
    {file = "atom-0.6.0-cp37-cp37m-manylinux2010_i686.whl", hash = "sha256:91277d76b5edca92ee778b32072bb779249e5ff927a8e71d77850ceb99caddcc"},
    {file = "atom-0.6.0-cp37-cp37m-manylinux2010_x86_64.whl", hash = "sha256:13845fd8ba96aacc772085d211f43ec0bf71960ef68169533f2fb2d771db4460"},
    {file = "atom-0.6.0-cp37-cp37m-win32.whl", hash = "sha256:bd76ae3411d6b34ac94bbb041fb87728db55b08a4eef4b8907693cc050e1182f"},
    {file = "atom-0.6.0-cp37-cp37m-win_amd64.whl", hash = "sha256:20339f54f4943ddcb1e3a4f18d9bc68e17f6bce25eb66e657570250baf223e80"},
    {file = "atom-0.6.0-cp38-cp38-macosx_10_9_x86_64.whl", hash = "sha256:3d0937eb6ed54e4504f1010bfe5a791b4715b83ac59db94c226594c0f96d4e30"},
    {file = "atom-0.6.0-cp38-cp38-manylinux2010_i686.whl", hash = "sha256:c9e064d35a1b9a7c319e8e1bc14aa07e4ce49d7025d29d5c25d0527c41803ac4"},
    {file = "atom-0.6.0-cp38-cp38-manylinux2010_x86_64.whl", hash = "sha256:5da85e65eec20fc888baa2f56c3cb8f695f78bd3a6ee8f2211719df7dd383a53"},
    {file = "atom-0.6.0-cp38-cp38-win32.whl", hash = "sha256:3fbef5cfd2249e64b0c6fa2959ccfdb0dc1b88f50360d93c524943e31f39aceb"},
    {file = "atom-0.6.0-cp38-cp38-win_amd64.whl", hash = "sha256:fbc66d5cebf1ec50fe4a231d4e7605558cafbaaca4d1422b5a16aa8043b1c09c"},
    {file = "atom-0.6.0-cp39-cp39-macosx_10_9_x86_64.whl", hash = "sha256:eef9c23a91c46eeef315b1414b0a8a72e2bc7f2875426c6347ddcf6185589f6e"},
    {file = "atom-0.6.0-cp39-cp39-manylinux2010_i686.whl", hash = "sha256:143168bd5c6e347a751cd5e8c05872d847d6d1a3dc1c9ec2d926618ab761dcff"},
    {file = "atom-0.6.0-cp39-cp39-manylinux2010_x86_64.whl", hash = "sha256:b863c568aab0c59f0cdeac8469be948a869eeb10778c73280b665a5ca99e387b"},
    {file = "atom-0.6.0-cp39-cp39-win32.whl", hash = "sha256:3591e8f8e580ac754d3f6181aaadee17dc565da1cb134968a390fc2118d25806"},
    {file = "atom-0.6.0-cp39-cp39-win_amd64.whl", hash = "sha256:b663b40c26cad6235bf59d670e94bb1cdb65073410ad607dcd833787f5e642d7"},
    {file = "atom-0.6.0.tar.gz", hash = "sha256:df65a654744ccdc4843ce09c38612fd8f702c84be501b1d955c3ac0b9ad28dc5"},
]
bytecode = [
    {file = "bytecode-0.12.0-py3-none-any.whl", hash = "sha256:40659445900e11cb1f5f09b0e35fe0af2f04661691ca8dc0b505f7bd3d8b8959"},
    {file = "bytecode-0.12.0.tar.gz", hash = "sha256:a9549d79b276cb91f6fb8008bf563863a202757e36482ee411bd87622d5bb1bf"},
]
enaml = [
    {file = "enaml-0.11.2-cp36-cp36m-macosx_10_9_x86_64.whl", hash = "sha256:556761719bd8d528096d4f1ed914a6e9a0b8d4c166b9fe6715f5da6e2b79146c"},
    {file = "enaml-0.11.2-cp36-cp36m-manylinux1_i686.whl", hash = "sha256:ff0260a0c13bbba3cadcc0178664550b24698f1655c43d65aa8ba454a2011e0c"},
    {file = "enaml-0.11.2-cp36-cp36m-manylinux1_x86_64.whl", hash = "sha256:0b4d353fdec1f63f7771fd34a1bf3301f57aeea0d685dfb24a2dc6e6f3d8ec4c"},
    {file = "enaml-0.11.2-cp36-none-win32.whl", hash = "sha256:7ccdb15bbee663a8cbf6bb4271f654bafb52cee771f7976c866ef8921cfb3c7d"},
    {file = "enaml-0.11.2-cp36-none-win_amd64.whl", hash = "sha256:c82421b73b37362b602e86f658aaffe6d02e2bfe871319c5e233738729fe26cc"},
    {file = "enaml-0.11.2-cp37-cp37m-macosx_10_9_x86_64.whl", hash = "sha256:41698383dde1504749d9b7970ad4d36c15e917a61b0038bdca394a8b2e369fbb"},
    {file = "enaml-0.11.2-cp37-cp37m-manylinux1_i686.whl", hash = "sha256:8ac87baa46382e6d864336e07227dc7f866406487645d3dc436feea967973031"},
    {file = "enaml-0.11.2-cp37-cp37m-manylinux1_x86_64.whl", hash = "sha256:10d87bac160653d8445bb0b0b2a15eb97d4104f8b2792bd35135f9de415e33ad"},
    {file = "enaml-0.11.2-cp37-none-win32.whl", hash = "sha256:3bdaede4eb301c22d610894b1fecd29ad8df38cc19cae57f135fae39376bf7cb"},
    {file = "enaml-0.11.2-cp37-none-win_amd64.whl", hash = "sha256:127bee567debbad65ae5ecf30851f9fc4dc0e6aaa210fdfb09e7ab9db41f9a43"},
    {file = "enaml-0.11.2-cp38-cp38-macosx_10_9_x86_64.whl", hash = "sha256:df7c92699895456ed2a304b2438359f1e7157a1d030dc7149dbb2c10f6a9822d"},
    {file = "enaml-0.11.2-cp38-cp38-manylinux1_i686.whl", hash = "sha256:34cac28de3c8bf7133a708ff32fc434152840cab66edb681608d2b39fd5e4a78"},
    {file = "enaml-0.11.2-cp38-cp38-manylinux1_x86_64.whl", hash = "sha256:5b1788a012ec8fe72d66a1a3995ec766ee707ee61fdde349d6b07d4f2bf00f11"},
    {file = "enaml-0.11.2-cp38-none-win32.whl", hash = "sha256:36e9d6fd9436c7f57dc3b777fd7eeae9a10c605f61c9f66f34a3e5e93e0a1233"},
    {file = "enaml-0.11.2-cp38-none-win_amd64.whl", hash = "sha256:7003ea2f4265004457f6a8df1244894d43720ddbf14af48e246e3cebf38c85b6"},
    {file = "enaml-0.11.2.tar.gz", hash = "sha256:d2ade1f2f679a9912ab5605c48fe3bd2486a72f3da3fe307fb44c238548ce0bd"},
]
future = [
    {file = "future-0.18.2.tar.gz", hash = "sha256:b1bead90b70cf6ec3f0710ae53a525360fa360d306a86583adc6bf83a4db537d"},
]
kiwisolver = [
    {file = "kiwisolver-1.3.1-cp36-cp36m-macosx_10_9_x86_64.whl", hash = "sha256:fd34fbbfbc40628200730bc1febe30631347103fc8d3d4fa012c21ab9c11eca9"},
    {file = "kiwisolver-1.3.1-cp36-cp36m-manylinux1_i686.whl", hash = "sha256:d3155d828dec1d43283bd24d3d3e0d9c7c350cdfcc0bd06c0ad1209c1bbc36d0"},
    {file = "kiwisolver-1.3.1-cp36-cp36m-manylinux1_x86_64.whl", hash = "sha256:5a7a7dbff17e66fac9142ae2ecafb719393aaee6a3768c9de2fd425c63b53e21"},
    {file = "kiwisolver-1.3.1-cp36-cp36m-manylinux2014_aarch64.whl", hash = "sha256:f8d6f8db88049a699817fd9178782867bf22283e3813064302ac59f61d95be05"},
    {file = "kiwisolver-1.3.1-cp36-cp36m-manylinux2014_ppc64le.whl", hash = "sha256:5f6ccd3dd0b9739edcf407514016108e2280769c73a85b9e59aa390046dbf08b"},
    {file = "kiwisolver-1.3.1-cp36-cp36m-win32.whl", hash = "sha256:225e2e18f271e0ed8157d7f4518ffbf99b9450fca398d561eb5c4a87d0986dd9"},
    {file = "kiwisolver-1.3.1-cp36-cp36m-win_amd64.whl", hash = "sha256:cf8b574c7b9aa060c62116d4181f3a1a4e821b2ec5cbfe3775809474113748d4"},
    {file = "kiwisolver-1.3.1-cp37-cp37m-macosx_10_9_x86_64.whl", hash = "sha256:232c9e11fd7ac3a470d65cd67e4359eee155ec57e822e5220322d7b2ac84fbf0"},
    {file = "kiwisolver-1.3.1-cp37-cp37m-manylinux1_i686.whl", hash = "sha256:b38694dcdac990a743aa654037ff1188c7a9801ac3ccc548d3341014bc5ca278"},
    {file = "kiwisolver-1.3.1-cp37-cp37m-manylinux1_x86_64.whl", hash = "sha256:ca3820eb7f7faf7f0aa88de0e54681bddcb46e485beb844fcecbcd1c8bd01689"},
    {file = "kiwisolver-1.3.1-cp37-cp37m-manylinux2014_aarch64.whl", hash = "sha256:c8fd0f1ae9d92b42854b2979024d7597685ce4ada367172ed7c09edf2cef9cb8"},
    {file = "kiwisolver-1.3.1-cp37-cp37m-manylinux2014_ppc64le.whl", hash = "sha256:1e1bc12fb773a7b2ffdeb8380609f4f8064777877b2225dec3da711b421fda31"},
    {file = "kiwisolver-1.3.1-cp37-cp37m-win32.whl", hash = "sha256:72c99e39d005b793fb7d3d4e660aed6b6281b502e8c1eaf8ee8346023c8e03bc"},
    {file = "kiwisolver-1.3.1-cp37-cp37m-win_amd64.whl", hash = "sha256:8be8d84b7d4f2ba4ffff3665bcd0211318aa632395a1a41553250484a871d454"},
    {file = "kiwisolver-1.3.1-cp38-cp38-macosx_10_9_x86_64.whl", hash = "sha256:31dfd2ac56edc0ff9ac295193eeaea1c0c923c0355bf948fbd99ed6018010b72"},
    {file = "kiwisolver-1.3.1-cp38-cp38-manylinux1_i686.whl", hash = "sha256:563c649cfdef27d081c84e72a03b48ea9408c16657500c312575ae9d9f7bc1c3"},
    {file = "kiwisolver-1.3.1-cp38-cp38-manylinux1_x86_64.whl", hash = "sha256:78751b33595f7f9511952e7e60ce858c6d64db2e062afb325985ddbd34b5c131"},
    {file = "kiwisolver-1.3.1-cp38-cp38-manylinux2014_aarch64.whl", hash = "sha256:a357fd4f15ee49b4a98b44ec23a34a95f1e00292a139d6015c11f55774ef10de"},
    {file = "kiwisolver-1.3.1-cp38-cp38-manylinux2014_ppc64le.whl", hash = "sha256:5989db3b3b34b76c09253deeaf7fbc2707616f130e166996606c284395da3f18"},
    {file = "kiwisolver-1.3.1-cp38-cp38-win32.whl", hash = "sha256:c08e95114951dc2090c4a630c2385bef681cacf12636fb0241accdc6b303fd81"},
    {file = "kiwisolver-1.3.1-cp38-cp38-win_amd64.whl", hash = "sha256:44a62e24d9b01ba94ae7a4a6c3fb215dc4af1dde817e7498d901e229aaf50e4e"},
    {file = "kiwisolver-1.3.1-cp39-cp39-macosx_10_9_x86_64.whl", hash = "sha256:50af681a36b2a1dee1d3c169ade9fdc59207d3c31e522519181e12f1b3ba7000"},
    {file = "kiwisolver-1.3.1-cp39-cp39-manylinux1_i686.whl", hash = "sha256:a53d27d0c2a0ebd07e395e56a1fbdf75ffedc4a05943daf472af163413ce9598"},
    {file = "kiwisolver-1.3.1-cp39-cp39-manylinux1_x86_64.whl", hash = "sha256:834ee27348c4aefc20b479335fd422a2c69db55f7d9ab61721ac8cd83eb78882"},
    {file = "kiwisolver-1.3.1-cp39-cp39-manylinux2014_aarch64.whl", hash = "sha256:5c3e6455341008a054cccee8c5d24481bcfe1acdbc9add30aa95798e95c65621"},
    {file = "kiwisolver-1.3.1-cp39-cp39-manylinux2014_ppc64le.whl", hash = "sha256:acef3d59d47dd85ecf909c359d0fd2c81ed33bdff70216d3956b463e12c38a54"},
    {file = "kiwisolver-1.3.1-cp39-cp39-win32.whl", hash = "sha256:c5518d51a0735b1e6cee1fdce66359f8d2b59c3ca85dc2b0813a8aa86818a030"},
    {file = "kiwisolver-1.3.1-cp39-cp39-win_amd64.whl", hash = "sha256:b9edd0110a77fc321ab090aaa1cfcaba1d8499850a12848b81be2222eab648f6"},
    {file = "kiwisolver-1.3.1-pp36-pypy36_pp73-macosx_10_9_x86_64.whl", hash = "sha256:0cd53f403202159b44528498de18f9285b04482bab2a6fc3f5dd8dbb9352e30d"},
    {file = "kiwisolver-1.3.1-pp36-pypy36_pp73-manylinux2010_x86_64.whl", hash = "sha256:33449715e0101e4d34f64990352bce4095c8bf13bed1b390773fc0a7295967b3"},
    {file = "kiwisolver-1.3.1-pp36-pypy36_pp73-win32.whl", hash = "sha256:401a2e9afa8588589775fe34fc22d918ae839aaaf0c0e96441c0fdbce6d8ebe6"},
    {file = "kiwisolver-1.3.1.tar.gz", hash = "sha256:950a199911a8d94683a6b10321f9345d5a3a8433ec58b217ace979e18f16e248"},
]
macholib = [
    {file = "macholib-1.14-py2.py3-none-any.whl", hash = "sha256:c500f02867515e6c60a27875b408920d18332ddf96b4035ef03beddd782d4281"},
    {file = "macholib-1.14.tar.gz", hash = "sha256:0c436bc847e7b1d9bda0560351bf76d7caf930fb585a828d13608839ef42c432"},
]
pefile = [
    {file = "pefile-2021.5.24.tar.gz", hash = "sha256:ed79b2353daa58421459abf4d685953bde0adf9f6e188944f97ba9795f100246"},
]
ply = [
    {file = "ply-3.11-py2.py3-none-any.whl", hash = "sha256:096f9b8350b65ebd2fd1346b12452efe5b9607f7482813ffca50c22722a807ce"},
    {file = "ply-3.11.tar.gz", hash = "sha256:00c7c1aaa88358b9c765b6d3000c6eec0ba42abca5351b095321aef446081da3"},
]
pyinstaller = [
    {file = "pyinstaller-4.3.tar.gz", hash = "sha256:5ecf8bbc230d7298a796e52bb745b95eee12878d141f1645612c99246ecd23f2"},
]
pyinstaller-hooks-contrib = [
    {file = "pyinstaller-hooks-contrib-2021.1.tar.gz", hash = "sha256:892310e6363655838485ee748bf1c5e5cade7963686d9af8650ee218a3e0b031"},
    {file = "pyinstaller_hooks_contrib-2021.1-py2.py3-none-any.whl", hash = "sha256:27558072021857d89524c42136feaa2ffe4f003f1bdf0278f9b24f6902c1759c"},
]
pyqt5 = [
    {file = "PyQt5-5.15.4-cp36.cp37.cp38.cp39-abi3-macosx_10_13_intel.whl", hash = "sha256:8c0848ba790a895801d5bfd171da31cad3e551dbcc4e59677a3b622de2ceca98"},
    {file = "PyQt5-5.15.4-cp36.cp37.cp38.cp39-abi3-manylinux2014_x86_64.whl", hash = "sha256:883a549382fc22d29a0568f3ef20b38c8e7ab633a59498ac4eb63a3bf36d3fd3"},
    {file = "PyQt5-5.15.4-cp36.cp37.cp38.cp39-none-win32.whl", hash = "sha256:a88526a271e846e44779bb9ad7a738c6d3c4a9d01e15a128ecfc6dd4696393b7"},
    {file = "PyQt5-5.15.4-cp36.cp37.cp38.cp39-none-win_amd64.whl", hash = "sha256:213bebd51821ed89b4d5b35bb10dbe67564228b3568f463a351a08e8b1677025"},
    {file = "PyQt5-5.15.4.tar.gz", hash = "sha256:2a69597e0dd11caabe75fae133feca66387819fc9bc050f547e5551bce97e5be"},
]
pyqt5-qt5 = [
    {file = "PyQt5_Qt5-5.15.2-py3-none-macosx_10_13_intel.whl", hash = "sha256:76980cd3d7ae87e3c7a33bfebfaee84448fd650bad6840471d6cae199b56e154"},
    {file = "PyQt5_Qt5-5.15.2-py3-none-manylinux2014_x86_64.whl", hash = "sha256:1988f364ec8caf87a6ee5d5a3a5210d57539988bf8e84714c7d60972692e2f4a"},
    {file = "PyQt5_Qt5-5.15.2-py3-none-win32.whl", hash = "sha256:9cc7a768b1921f4b982ebc00a318ccb38578e44e45316c7a4a850e953e1dd327"},
    {file = "PyQt5_Qt5-5.15.2-py3-none-win_amd64.whl", hash = "sha256:750b78e4dba6bdf1607febedc08738e318ea09e9b10aea9ff0d73073f11f6962"},
]
pyqt5-sip = [
    {file = "PyQt5_sip-12.9.0-cp36-cp36m-macosx_10_6_intel.whl", hash = "sha256:d85002238b5180bce4b245c13d6face848faa1a7a9e5c6e292025004f2fd619a"},
    {file = "PyQt5_sip-12.9.0-cp36-cp36m-manylinux1_x86_64.whl", hash = "sha256:83c3220b1ca36eb8623ba2eb3766637b19eb0ce9f42336ad8253656d32750c0a"},
    {file = "PyQt5_sip-12.9.0-cp36-cp36m-win32.whl", hash = "sha256:d8b2bdff7bbf45bc975c113a03b14fd669dc0c73e1327f02706666a7dd51a197"},
    {file = "PyQt5_sip-12.9.0-cp36-cp36m-win_amd64.whl", hash = "sha256:69a3ad4259172e2b1aa9060de211efac39ddd734a517b1924d9c6c0cc4f55f96"},
    {file = "PyQt5_sip-12.9.0-cp37-cp37m-macosx_10_9_x86_64.whl", hash = "sha256:42274a501ab4806d2c31659170db14c282b8313d2255458064666d9e70d96206"},
    {file = "PyQt5_sip-12.9.0-cp37-cp37m-manylinux1_x86_64.whl", hash = "sha256:6a8701892a01a5a2a4720872361197cc80fdd5f49c8482d488ddf38c9c84f055"},
    {file = "PyQt5_sip-12.9.0-cp37-cp37m-win32.whl", hash = "sha256:ac57d796c78117eb39edd1d1d1aea90354651efac9d3590aac67fa4983f99f1f"},
    {file = "PyQt5_sip-12.9.0-cp37-cp37m-win_amd64.whl", hash = "sha256:4347bd81d30c8e3181e553b3734f91658cfbdd8f1a19f254777f906870974e6d"},
    {file = "PyQt5_sip-12.9.0-cp38-cp38-macosx_10_9_x86_64.whl", hash = "sha256:c446971c360a0a1030282a69375a08c78e8a61d568bfd6dab3dcc5cf8817f644"},
    {file = "PyQt5_sip-12.9.0-cp38-cp38-manylinux1_x86_64.whl", hash = "sha256:fc43f2d7c438517ee33e929e8ae77132749c15909afab6aeece5fcf4147ffdb5"},
    {file = "PyQt5_sip-12.9.0-cp38-cp38-win32.whl", hash = "sha256:055581c6fed44ba4302b70eeb82e979ff70400037358908f251cd85cbb3dbd93"},
    {file = "PyQt5_sip-12.9.0-cp38-cp38-win_amd64.whl", hash = "sha256:c5216403d4d8d857ec4a61f631d3945e44fa248aa2415e9ee9369ab7c8a4d0c7"},
    {file = "PyQt5_sip-12.9.0-cp39-cp39-macosx_10_9_x86_64.whl", hash = "sha256:a25b9843c7da6a1608f310879c38e6434331aab1dc2fe6cb65c14f1ecf33780e"},
    {file = "PyQt5_sip-12.9.0-cp39-cp39-manylinux1_x86_64.whl", hash = "sha256:dd05c768c2b55ffe56a9d49ce6cc77cdf3d53dbfad935258a9e347cbfd9a5850"},
    {file = "PyQt5_sip-12.9.0-cp39-cp39-win32.whl", hash = "sha256:4f8e05fe01d54275877c59018d8e82dcdd0bc5696053a8b830eecea3ce806121"},
    {file = "PyQt5_sip-12.9.0-cp39-cp39-win_amd64.whl", hash = "sha256:b09f4cd36a4831229fb77c424d89635fa937d97765ec90685e2f257e56a2685a"},
    {file = "PyQt5_sip-12.9.0.tar.gz", hash = "sha256:d3e4489d7c2b0ece9d203ae66e573939f7f60d4d29e089c9f11daa17cfeaae32"},
]
pywin32-ctypes = [
    {file = "pywin32-ctypes-0.2.0.tar.gz", hash = "sha256:24ffc3b341d457d48e8922352130cf2644024a4ff09762a2261fd34c36ee5942"},
    {file = "pywin32_ctypes-0.2.0-py2.py3-none-any.whl", hash = "sha256:9dc2d991b3479cc2df15930958b674a48a227d5361d413827a4cfd0b5876fc98"},
]
qscintilla = [
    {file = "QScintilla-2.12.1-cp36.cp37.cp38.cp39-abi3-macosx_10_13_intel.whl", hash = "sha256:41e3b728e8309bda50eba92e2fa7235e8edb8573a6cb17ebe96f46f5970b7336"},
    {file = "QScintilla-2.12.1-cp36.cp37.cp38.cp39-abi3-manylinux2014_x86_64.whl", hash = "sha256:5296a9e58a0024d8bb3079792e2877a93893b3d82a10556bc72c70a0b93ecad8"},
    {file = "QScintilla-2.12.1-cp36.cp37.cp38.cp39-none-win32.whl", hash = "sha256:be88dc23f8189934a30039f562eedc18fab2532919322567125890b6e2a650da"},
    {file = "QScintilla-2.12.1-cp36.cp37.cp38.cp39-none-win_amd64.whl", hash = "sha256:cc5fce385c57a87a79f1866b79e13eb7ae2c46113d500c6d53112dc87a0c167e"},
    {file = "QScintilla-2.12.1.tar.gz", hash = "sha256:a1e4f8973202ff131ed7f2c82cda50fe2dc709d4f49f15289df6b5b992bffd8a"},
]
qtpy = [
    {file = "QtPy-1.9.0-py2.py3-none-any.whl", hash = "sha256:fa0b8363b363e89b2a6f49eddc162a04c0699ae95e109a6be3bb145a913190ea"},
    {file = "QtPy-1.9.0.tar.gz", hash = "sha256:2db72c44b55d0fe1407be8fba35c838ad0d6d3bb81f23007886dc1fc0f459c8d"},
]
